// !$*UTF8*$!
{
	archiveVersion = 1;
	classes = {
	};
	objectVersion = 55;
	objects = {

/* Begin PBXBuildFile section */
		FD000C08291024F6003E18CB /* ChipTag.swift in Sources */ = {isa = PBXBuildFile; fileRef = FD000C07291024F6003E18CB /* ChipTag.swift */; };
		FD000C0C291040EC003E18CB /* BarChartView.swift in Sources */ = {isa = PBXBuildFile; fileRef = FD000C0B291040EC003E18CB /* BarChartView.swift */; };
		FD0311F7292FEED7003D57E3 /* PromiseKit in Frameworks */ = {isa = PBXBuildFile; productRef = FD0311F6292FEED7003D57E3 /* PromiseKit */; };
		FD0A5EB2292566BC00194A1E /* FirestoreAdapter.swift in Sources */ = {isa = PBXBuildFile; fileRef = FD0A5EB1292566BC00194A1E /* FirestoreAdapter.swift */; };
		FD0B040629111BD900F93464 /* DailyProgress.swift in Sources */ = {isa = PBXBuildFile; fileRef = FD0B040529111BD900F93464 /* DailyProgress.swift */; };
		FD367DE728F56DC70073E95E /* Kingfisher in Frameworks */ = {isa = PBXBuildFile; productRef = FD367DE628F56DC70073E95E /* Kingfisher */; };
		FD377C022937A8DA00DAF9A9 /* ChallengeCard.swift in Sources */ = {isa = PBXBuildFile; fileRef = FD377C012937A8DA00DAF9A9 /* ChallengeCard.swift */; };
		FD377C042937B24700DAF9A9 /* ChallengeScreenView.swift in Sources */ = {isa = PBXBuildFile; fileRef = FD377C032937B24700DAF9A9 /* ChallengeScreenView.swift */; };
		FD4930B328E4C61B00330E75 /* AddToLibraryButton.swift in Sources */ = {isa = PBXBuildFile; fileRef = FD4930B228E4C61B00330E75 /* AddToLibraryButton.swift */; };
		FD4930B528E4D93900330E75 /* BookCardVertical.swift in Sources */ = {isa = PBXBuildFile; fileRef = FD4930B428E4D93900330E75 /* BookCardVertical.swift */; };
		FD4EC65A28D0729A00B99ED2 /* ReadingAppSwiftApp.swift in Sources */ = {isa = PBXBuildFile; fileRef = FD4EC65928D0729A00B99ED2 /* ReadingAppSwiftApp.swift */; };
		FD4EC65E28D0729D00B99ED2 /* Assets.xcassets in Resources */ = {isa = PBXBuildFile; fileRef = FD4EC65D28D0729D00B99ED2 /* Assets.xcassets */; };
		FD4EC66128D0729D00B99ED2 /* Preview Assets.xcassets in Resources */ = {isa = PBXBuildFile; fileRef = FD4EC66028D0729D00B99ED2 /* Preview Assets.xcassets */; };
		FD4EC66B28D0729E00B99ED2 /* ReadingAppSwiftTests.swift in Sources */ = {isa = PBXBuildFile; fileRef = FD4EC66A28D0729E00B99ED2 /* ReadingAppSwiftTests.swift */; };
		FD4EC67528D0729E00B99ED2 /* ReadingAppSwiftUITests.swift in Sources */ = {isa = PBXBuildFile; fileRef = FD4EC67428D0729E00B99ED2 /* ReadingAppSwiftUITests.swift */; };
		FD4EC67728D0729E00B99ED2 /* ReadingAppSwiftUITestsLaunchTests.swift in Sources */ = {isa = PBXBuildFile; fileRef = FD4EC67628D0729E00B99ED2 /* ReadingAppSwiftUITestsLaunchTests.swift */; };
		FD4EC68728D076EC00B99ED2 /* SearchScreenView.swift in Sources */ = {isa = PBXBuildFile; fileRef = FD4EC68628D076EC00B99ED2 /* SearchScreenView.swift */; };
		FD4EC68928D07FC000B99ED2 /* NavigationBarScreen.swift in Sources */ = {isa = PBXBuildFile; fileRef = FD4EC68828D07FC000B99ED2 /* NavigationBarScreen.swift */; };
		FD550D9228EA2F3400E82168 /* FileManager.swift in Sources */ = {isa = PBXBuildFile; fileRef = FD550D9128EA2F3400E82168 /* FileManager.swift */; };
		FD5A39D528ED8A8E007DACD9 /* BookLogScreenView.swift in Sources */ = {isa = PBXBuildFile; fileRef = FD5A39D428ED8A8E007DACD9 /* BookLogScreenView.swift */; };
		FD5A39D828ED8FFA007DACD9 /* BookLogBase.swift in Sources */ = {isa = PBXBuildFile; fileRef = FD5A39D728ED8FFA007DACD9 /* BookLogBase.swift */; };
		FD5A51FF28F466A2007EC025 /* Constants.swift in Sources */ = {isa = PBXBuildFile; fileRef = FD5A51FE28F466A2007EC025 /* Constants.swift */; };
		FD70E11B291A649600A1904A /* DiscoverScreenStateController.swift in Sources */ = {isa = PBXBuildFile; fileRef = FD70E11A291A649600A1904A /* DiscoverScreenStateController.swift */; };
		FD803976291EA5DC003B5068 /* BookScroller.swift in Sources */ = {isa = PBXBuildFile; fileRef = FD803975291EA5DC003B5068 /* BookScroller.swift */; };
		FD83BB172936807700D56193 /* SavedGlobalLog.swift in Sources */ = {isa = PBXBuildFile; fileRef = FD83BB162936807700D56193 /* SavedGlobalLog.swift */; };
		FD95343928D24FA100FF9274 /* BookCard.swift in Sources */ = {isa = PBXBuildFile; fileRef = FD95343828D24FA100FF9274 /* BookCard.swift */; };
		FD986E4D28D4DEA500F55DB9 /* BookDetailScreenView.swift in Sources */ = {isa = PBXBuildFile; fileRef = FD986E4C28D4DEA400F55DB9 /* BookDetailScreenView.swift */; };
		FD986E5128D4EE4800F55DB9 /* BookCoverImage.swift in Sources */ = {isa = PBXBuildFile; fileRef = FD986E5028D4EE4800F55DB9 /* BookCoverImage.swift */; };
		FDAC37DD2927BA5C00D7D1D2 /* GoogleService-Info.plist in Resources */ = {isa = PBXBuildFile; fileRef = FDAC37DC2927BA5C00D7D1D2 /* GoogleService-Info.plist */; };
		FDAE3A6B29194C5600DE088D /* Recommendations.swift in Sources */ = {isa = PBXBuildFile; fileRef = FDAE3A6A29194C5600DE088D /* Recommendations.swift */; };
		FDAE3A70291958C600DE088D /* StopWords.swift in Sources */ = {isa = PBXBuildFile; fileRef = FDAE3A6F291958C600DE088D /* StopWords.swift */; };
		FDB690D928DB7625004F17BF /* CacheBase.swift in Sources */ = {isa = PBXBuildFile; fileRef = FDB690D828DB7625004F17BF /* CacheBase.swift */; };
		FDC893D428F2E46C00340B31 /* CircleProgressBar.swift in Sources */ = {isa = PBXBuildFile; fileRef = FDC893D328F2E46C00340B31 /* CircleProgressBar.swift */; };
		FDCACC0429376CE600DABB41 /* Challenge.swift in Sources */ = {isa = PBXBuildFile; fileRef = FDCACC0329376CE600DABB41 /* Challenge.swift */; };
		FDCACC0629376D1C00DABB41 /* User.swift in Sources */ = {isa = PBXBuildFile; fileRef = FDCACC0529376D1C00DABB41 /* User.swift */; };
		FDD804DD28EB25E40081B28B /* LibraryBase.swift in Sources */ = {isa = PBXBuildFile; fileRef = FDD804DC28EB25E40081B28B /* LibraryBase.swift */; };
		FDE1875D28E2F7EE000100F2 /* BookVolumeInfo.swift in Sources */ = {isa = PBXBuildFile; fileRef = FDE1875C28E2F7EE000100F2 /* BookVolumeInfo.swift */; };
		FDE1875F28E2F818000100F2 /* BookSaleInfo.swift in Sources */ = {isa = PBXBuildFile; fileRef = FDE1875E28E2F818000100F2 /* BookSaleInfo.swift */; };
		FDEB6EBC292412FF00DCB9B1 /* FirebaseAuth in Frameworks */ = {isa = PBXBuildFile; productRef = FDEB6EBB292412FF00DCB9B1 /* FirebaseAuth */; };
		FDEB6EBE292412FF00DCB9B1 /* FirebaseFirestore in Frameworks */ = {isa = PBXBuildFile; productRef = FDEB6EBD292412FF00DCB9B1 /* FirebaseFirestore */; };
		FDEB6EC0292412FF00DCB9B1 /* FirebaseFirestoreSwift in Frameworks */ = {isa = PBXBuildFile; productRef = FDEB6EBF292412FF00DCB9B1 /* FirebaseFirestoreSwift */; };
		FDEB6EC2292414F400DCB9B1 /* ProfileScreen.swift in Sources */ = {isa = PBXBuildFile; fileRef = FDEB6EC1292414F400DCB9B1 /* ProfileScreen.swift */; };
		FDEF338A28D0F276005599BC /* HomeScreenView.swift in Sources */ = {isa = PBXBuildFile; fileRef = FDEF338928D0F276005599BC /* HomeScreenView.swift */; };
		FDEF338C28D0F284005599BC /* SocialScreenView.swift in Sources */ = {isa = PBXBuildFile; fileRef = FDEF338B28D0F284005599BC /* SocialScreenView.swift */; };
		FDEF338E28D0F307005599BC /* DiscoverScreenView.swift in Sources */ = {isa = PBXBuildFile; fileRef = FDEF338D28D0F307005599BC /* DiscoverScreenView.swift */; };
		FDEF339228D0FC34005599BC /* SearchStateController.swift in Sources */ = {isa = PBXBuildFile; fileRef = FDEF339128D0FC34005599BC /* SearchStateController.swift */; };
		FDEF339428D0FF2B005599BC /* SearchResults.swift in Sources */ = {isa = PBXBuildFile; fileRef = FDEF339328D0FF2B005599BC /* SearchResults.swift */; };
		FDEF339628D1028A005599BC /* GoogleBooksAdapter.swift in Sources */ = {isa = PBXBuildFile; fileRef = FDEF339528D1028A005599BC /* GoogleBooksAdapter.swift */; };
		FDF5FC7A28DB1A82008F80B1 /* BookDetailsModel.swift in Sources */ = {isa = PBXBuildFile; fileRef = FDF5FC7928DB1A82008F80B1 /* BookDetailsModel.swift */; };
/* End PBXBuildFile section */

/* Begin PBXContainerItemProxy section */
		FD4EC66728D0729E00B99ED2 /* PBXContainerItemProxy */ = {
			isa = PBXContainerItemProxy;
			containerPortal = FD4EC64E28D0729A00B99ED2 /* Project object */;
			proxyType = 1;
			remoteGlobalIDString = FD4EC65528D0729A00B99ED2;
			remoteInfo = ReadingAppSwift;
		};
		FD4EC67128D0729E00B99ED2 /* PBXContainerItemProxy */ = {
			isa = PBXContainerItemProxy;
			containerPortal = FD4EC64E28D0729A00B99ED2 /* Project object */;
			proxyType = 1;
			remoteGlobalIDString = FD4EC65528D0729A00B99ED2;
			remoteInfo = ReadingAppSwift;
		};
/* End PBXContainerItemProxy section */

/* Begin PBXFileReference section */
		FD000C07291024F6003E18CB /* ChipTag.swift */ = {isa = PBXFileReference; lastKnownFileType = sourcecode.swift; path = ChipTag.swift; sourceTree = "<group>"; };
		FD000C0B291040EC003E18CB /* BarChartView.swift */ = {isa = PBXFileReference; lastKnownFileType = sourcecode.swift; path = BarChartView.swift; sourceTree = "<group>"; };
		FD0A5EB1292566BC00194A1E /* FirestoreAdapter.swift */ = {isa = PBXFileReference; lastKnownFileType = sourcecode.swift; path = FirestoreAdapter.swift; sourceTree = "<group>"; };
		FD0B040529111BD900F93464 /* DailyProgress.swift */ = {isa = PBXFileReference; lastKnownFileType = sourcecode.swift; path = DailyProgress.swift; sourceTree = "<group>"; };
		FD377C012937A8DA00DAF9A9 /* ChallengeCard.swift */ = {isa = PBXFileReference; lastKnownFileType = sourcecode.swift; path = ChallengeCard.swift; sourceTree = "<group>"; };
		FD377C032937B24700DAF9A9 /* ChallengeScreenView.swift */ = {isa = PBXFileReference; lastKnownFileType = sourcecode.swift; path = ChallengeScreenView.swift; sourceTree = "<group>"; };
		FD4930B228E4C61B00330E75 /* AddToLibraryButton.swift */ = {isa = PBXFileReference; lastKnownFileType = sourcecode.swift; path = AddToLibraryButton.swift; sourceTree = "<group>"; };
		FD4930B428E4D93900330E75 /* BookCardVertical.swift */ = {isa = PBXFileReference; lastKnownFileType = sourcecode.swift; path = BookCardVertical.swift; sourceTree = "<group>"; };
		FD4EC65628D0729A00B99ED2 /* ReadingAppSwift.app */ = {isa = PBXFileReference; explicitFileType = wrapper.application; includeInIndex = 0; path = ReadingAppSwift.app; sourceTree = BUILT_PRODUCTS_DIR; };
		FD4EC65928D0729A00B99ED2 /* ReadingAppSwiftApp.swift */ = {isa = PBXFileReference; lastKnownFileType = sourcecode.swift; path = ReadingAppSwiftApp.swift; sourceTree = "<group>"; };
		FD4EC65D28D0729D00B99ED2 /* Assets.xcassets */ = {isa = PBXFileReference; lastKnownFileType = folder.assetcatalog; path = Assets.xcassets; sourceTree = "<group>"; };
		FD4EC66028D0729D00B99ED2 /* Preview Assets.xcassets */ = {isa = PBXFileReference; lastKnownFileType = folder.assetcatalog; path = "Preview Assets.xcassets"; sourceTree = "<group>"; };
		FD4EC66628D0729E00B99ED2 /* ReadingAppSwiftTests.xctest */ = {isa = PBXFileReference; explicitFileType = wrapper.cfbundle; includeInIndex = 0; path = ReadingAppSwiftTests.xctest; sourceTree = BUILT_PRODUCTS_DIR; };
		FD4EC66A28D0729E00B99ED2 /* ReadingAppSwiftTests.swift */ = {isa = PBXFileReference; lastKnownFileType = sourcecode.swift; path = ReadingAppSwiftTests.swift; sourceTree = "<group>"; };
		FD4EC67028D0729E00B99ED2 /* ReadingAppSwiftUITests.xctest */ = {isa = PBXFileReference; explicitFileType = wrapper.cfbundle; includeInIndex = 0; path = ReadingAppSwiftUITests.xctest; sourceTree = BUILT_PRODUCTS_DIR; };
		FD4EC67428D0729E00B99ED2 /* ReadingAppSwiftUITests.swift */ = {isa = PBXFileReference; lastKnownFileType = sourcecode.swift; path = ReadingAppSwiftUITests.swift; sourceTree = "<group>"; };
		FD4EC67628D0729E00B99ED2 /* ReadingAppSwiftUITestsLaunchTests.swift */ = {isa = PBXFileReference; lastKnownFileType = sourcecode.swift; path = ReadingAppSwiftUITestsLaunchTests.swift; sourceTree = "<group>"; };
		FD4EC68628D076EC00B99ED2 /* SearchScreenView.swift */ = {isa = PBXFileReference; lastKnownFileType = sourcecode.swift; path = SearchScreenView.swift; sourceTree = "<group>"; };
		FD4EC68828D07FC000B99ED2 /* NavigationBarScreen.swift */ = {isa = PBXFileReference; lastKnownFileType = sourcecode.swift; path = NavigationBarScreen.swift; sourceTree = "<group>"; };
		FD550D9128EA2F3400E82168 /* FileManager.swift */ = {isa = PBXFileReference; lastKnownFileType = sourcecode.swift; path = FileManager.swift; sourceTree = "<group>"; };
		FD5A39D428ED8A8E007DACD9 /* BookLogScreenView.swift */ = {isa = PBXFileReference; lastKnownFileType = sourcecode.swift; path = BookLogScreenView.swift; sourceTree = "<group>"; };
		FD5A39D728ED8FFA007DACD9 /* BookLogBase.swift */ = {isa = PBXFileReference; lastKnownFileType = sourcecode.swift; path = BookLogBase.swift; sourceTree = "<group>"; };
		FD5A51FE28F466A2007EC025 /* Constants.swift */ = {isa = PBXFileReference; lastKnownFileType = sourcecode.swift; path = Constants.swift; sourceTree = "<group>"; };
		FD70E11A291A649600A1904A /* DiscoverScreenStateController.swift */ = {isa = PBXFileReference; lastKnownFileType = sourcecode.swift; path = DiscoverScreenStateController.swift; sourceTree = "<group>"; };
		FD803975291EA5DC003B5068 /* BookScroller.swift */ = {isa = PBXFileReference; lastKnownFileType = sourcecode.swift; path = BookScroller.swift; sourceTree = "<group>"; };
		FD83BB162936807700D56193 /* SavedGlobalLog.swift */ = {isa = PBXFileReference; fileEncoding = 4; lastKnownFileType = sourcecode.swift; path = SavedGlobalLog.swift; sourceTree = "<group>"; };
		FD95343828D24FA100FF9274 /* BookCard.swift */ = {isa = PBXFileReference; lastKnownFileType = sourcecode.swift; path = BookCard.swift; sourceTree = "<group>"; };
		FD986E4C28D4DEA400F55DB9 /* BookDetailScreenView.swift */ = {isa = PBXFileReference; lastKnownFileType = sourcecode.swift; path = BookDetailScreenView.swift; sourceTree = "<group>"; };
		FD986E5028D4EE4800F55DB9 /* BookCoverImage.swift */ = {isa = PBXFileReference; lastKnownFileType = sourcecode.swift; path = BookCoverImage.swift; sourceTree = "<group>"; };
		FDAC37DC2927BA5C00D7D1D2 /* GoogleService-Info.plist */ = {isa = PBXFileReference; fileEncoding = 4; lastKnownFileType = text.plist.xml; path = "GoogleService-Info.plist"; sourceTree = "<group>"; };
		FDAE3A6A29194C5600DE088D /* Recommendations.swift */ = {isa = PBXFileReference; lastKnownFileType = sourcecode.swift; path = Recommendations.swift; sourceTree = "<group>"; };
		FDAE3A6F291958C600DE088D /* StopWords.swift */ = {isa = PBXFileReference; lastKnownFileType = sourcecode.swift; path = StopWords.swift; sourceTree = "<group>"; };
		FDB690D828DB7625004F17BF /* CacheBase.swift */ = {isa = PBXFileReference; lastKnownFileType = sourcecode.swift; path = CacheBase.swift; sourceTree = "<group>"; };
		FDC893D328F2E46C00340B31 /* CircleProgressBar.swift */ = {isa = PBXFileReference; lastKnownFileType = sourcecode.swift; path = CircleProgressBar.swift; sourceTree = "<group>"; };
		FDCACC0329376CE600DABB41 /* Challenge.swift */ = {isa = PBXFileReference; lastKnownFileType = sourcecode.swift; path = Challenge.swift; sourceTree = "<group>"; };
		FDCACC0529376D1C00DABB41 /* User.swift */ = {isa = PBXFileReference; lastKnownFileType = sourcecode.swift; path = User.swift; sourceTree = "<group>"; };
		FDD804DC28EB25E40081B28B /* LibraryBase.swift */ = {isa = PBXFileReference; lastKnownFileType = sourcecode.swift; path = LibraryBase.swift; sourceTree = "<group>"; };
		FDE1875C28E2F7EE000100F2 /* BookVolumeInfo.swift */ = {isa = PBXFileReference; lastKnownFileType = sourcecode.swift; path = BookVolumeInfo.swift; sourceTree = "<group>"; };
		FDE1875E28E2F818000100F2 /* BookSaleInfo.swift */ = {isa = PBXFileReference; lastKnownFileType = sourcecode.swift; path = BookSaleInfo.swift; sourceTree = "<group>"; };
		FDEB6EC1292414F400DCB9B1 /* ProfileScreen.swift */ = {isa = PBXFileReference; lastKnownFileType = sourcecode.swift; path = ProfileScreen.swift; sourceTree = "<group>"; };
		FDEF338928D0F276005599BC /* HomeScreenView.swift */ = {isa = PBXFileReference; lastKnownFileType = sourcecode.swift; path = HomeScreenView.swift; sourceTree = "<group>"; };
		FDEF338B28D0F284005599BC /* SocialScreenView.swift */ = {isa = PBXFileReference; lastKnownFileType = sourcecode.swift; path = SocialScreenView.swift; sourceTree = "<group>"; };
		FDEF338D28D0F307005599BC /* DiscoverScreenView.swift */ = {isa = PBXFileReference; lastKnownFileType = sourcecode.swift; path = DiscoverScreenView.swift; sourceTree = "<group>"; };
		FDEF339128D0FC34005599BC /* SearchStateController.swift */ = {isa = PBXFileReference; lastKnownFileType = sourcecode.swift; path = SearchStateController.swift; sourceTree = "<group>"; };
		FDEF339328D0FF2B005599BC /* SearchResults.swift */ = {isa = PBXFileReference; lastKnownFileType = sourcecode.swift; path = SearchResults.swift; sourceTree = "<group>"; };
		FDEF339528D1028A005599BC /* GoogleBooksAdapter.swift */ = {isa = PBXFileReference; lastKnownFileType = sourcecode.swift; path = GoogleBooksAdapter.swift; sourceTree = "<group>"; };
		FDF5FC7928DB1A82008F80B1 /* BookDetailsModel.swift */ = {isa = PBXFileReference; lastKnownFileType = sourcecode.swift; path = BookDetailsModel.swift; sourceTree = "<group>"; };
/* End PBXFileReference section */

/* Begin PBXFrameworksBuildPhase section */
		FD4EC65328D0729A00B99ED2 /* Frameworks */ = {
			isa = PBXFrameworksBuildPhase;
			buildActionMask = 2147483647;
			files = (
				FD0311F7292FEED7003D57E3 /* PromiseKit in Frameworks */,
				FD367DE728F56DC70073E95E /* Kingfisher in Frameworks */,
				FDEB6EBC292412FF00DCB9B1 /* FirebaseAuth in Frameworks */,
				FDEB6EBE292412FF00DCB9B1 /* FirebaseFirestore in Frameworks */,
				FDEB6EC0292412FF00DCB9B1 /* FirebaseFirestoreSwift in Frameworks */,
			);
			runOnlyForDeploymentPostprocessing = 0;
		};
		FD4EC66328D0729E00B99ED2 /* Frameworks */ = {
			isa = PBXFrameworksBuildPhase;
			buildActionMask = 2147483647;
			files = (
			);
			runOnlyForDeploymentPostprocessing = 0;
		};
		FD4EC66D28D0729E00B99ED2 /* Frameworks */ = {
			isa = PBXFrameworksBuildPhase;
			buildActionMask = 2147483647;
			files = (
			);
			runOnlyForDeploymentPostprocessing = 0;
		};
/* End PBXFrameworksBuildPhase section */

/* Begin PBXGroup section */
		FD285D5028F1C39400647DE8 /* Search */ = {
			isa = PBXGroup;
			children = (
				FDEF339128D0FC34005599BC /* SearchStateController.swift */,
				FDEF339328D0FF2B005599BC /* SearchResults.swift */,
			);
			path = Search;
			sourceTree = "<group>";
		};
		FD4EC64D28D0729A00B99ED2 = {
			isa = PBXGroup;
			children = (
				FD4EC65828D0729A00B99ED2 /* ReadingAppSwift */,
				FD4EC66928D0729E00B99ED2 /* ReadingAppSwiftTests */,
				FD4EC67328D0729E00B99ED2 /* ReadingAppSwiftUITests */,
				FD4EC65728D0729A00B99ED2 /* Products */,
			);
			sourceTree = "<group>";
		};
		FD4EC65728D0729A00B99ED2 /* Products */ = {
			isa = PBXGroup;
			children = (
				FD4EC65628D0729A00B99ED2 /* ReadingAppSwift.app */,
				FD4EC66628D0729E00B99ED2 /* ReadingAppSwiftTests.xctest */,
				FD4EC67028D0729E00B99ED2 /* ReadingAppSwiftUITests.xctest */,
			);
			name = Products;
			sourceTree = "<group>";
		};
		FD4EC65828D0729A00B99ED2 /* ReadingAppSwift */ = {
			isa = PBXGroup;
			children = (
				FD5A51FE28F466A2007EC025 /* Constants.swift */,
				FD550D9028EA2F2100E82168 /* Extensions */,
				FD4EC68528D0741200B99ED2 /* Components */,
				FD4EC68428D0740500B99ED2 /* Model */,
				FD4EC68328D073F700B99ED2 /* Screens */,
				FDEF339528D1028A005599BC /* GoogleBooksAdapter.swift */,
				FD0A5EB1292566BC00194A1E /* FirestoreAdapter.swift */,
				FD4EC68828D07FC000B99ED2 /* NavigationBarScreen.swift */,
				FD4EC65928D0729A00B99ED2 /* ReadingAppSwiftApp.swift */,
				FD4EC65D28D0729D00B99ED2 /* Assets.xcassets */,
				FDAC37DC2927BA5C00D7D1D2 /* GoogleService-Info.plist */,
				FD4EC65F28D0729D00B99ED2 /* Preview Content */,
			);
			path = ReadingAppSwift;
			sourceTree = "<group>";
		};
		FD4EC65F28D0729D00B99ED2 /* Preview Content */ = {
			isa = PBXGroup;
			children = (
				FD4EC66028D0729D00B99ED2 /* Preview Assets.xcassets */,
			);
			path = "Preview Content";
			sourceTree = "<group>";
		};
		FD4EC66928D0729E00B99ED2 /* ReadingAppSwiftTests */ = {
			isa = PBXGroup;
			children = (
				FD4EC66A28D0729E00B99ED2 /* ReadingAppSwiftTests.swift */,
			);
			path = ReadingAppSwiftTests;
			sourceTree = "<group>";
		};
		FD4EC67328D0729E00B99ED2 /* ReadingAppSwiftUITests */ = {
			isa = PBXGroup;
			children = (
				FD4EC67428D0729E00B99ED2 /* ReadingAppSwiftUITests.swift */,
				FD4EC67628D0729E00B99ED2 /* ReadingAppSwiftUITestsLaunchTests.swift */,
			);
			path = ReadingAppSwiftUITests;
			sourceTree = "<group>";
		};
		FD4EC68328D073F700B99ED2 /* Screens */ = {
			isa = PBXGroup;
			children = (
				FD5A39D628ED8B05007DACD9 /* OnNavigationBar */,
				FD986E4C28D4DEA400F55DB9 /* BookDetailScreenView.swift */,
				FD5A39D428ED8A8E007DACD9 /* BookLogScreenView.swift */,
				FDEB6EC1292414F400DCB9B1 /* ProfileScreen.swift */,
				FD377C032937B24700DAF9A9 /* ChallengeScreenView.swift */,
			);
			path = Screens;
			sourceTree = "<group>";
		};
		FD4EC68428D0740500B99ED2 /* Model */ = {
			isa = PBXGroup;
			children = (
				FDC08C9229376B5F00061D57 /* Firestore */,
				FD83BB162936807700D56193 /* SavedGlobalLog.swift */,
				FDAE3A6C2919557000DE088D /* Recommendations */,
				FDF5FC7C28DB1AA4008F80B1 /* Book */,
				FD285D5028F1C39400647DE8 /* Search */,
				FDD804DC28EB25E40081B28B /* LibraryBase.swift */,
				FDB690D828DB7625004F17BF /* CacheBase.swift */,
				FD5A39D728ED8FFA007DACD9 /* BookLogBase.swift */,
				FD0B040529111BD900F93464 /* DailyProgress.swift */,
			);
			path = Model;
			sourceTree = "<group>";
		};
		FD4EC68528D0741200B99ED2 /* Components */ = {
			isa = PBXGroup;
			children = (
				FD95343828D24FA100FF9274 /* BookCard.swift */,
				FD986E5028D4EE4800F55DB9 /* BookCoverImage.swift */,
				FD4930B228E4C61B00330E75 /* AddToLibraryButton.swift */,
				FD4930B428E4D93900330E75 /* BookCardVertical.swift */,
				FDC893D328F2E46C00340B31 /* CircleProgressBar.swift */,
				FD000C07291024F6003E18CB /* ChipTag.swift */,
				FD000C0B291040EC003E18CB /* BarChartView.swift */,
				FD803975291EA5DC003B5068 /* BookScroller.swift */,
				FD377C012937A8DA00DAF9A9 /* ChallengeCard.swift */,
			);
			path = Components;
			sourceTree = "<group>";
		};
		FD550D9028EA2F2100E82168 /* Extensions */ = {
			isa = PBXGroup;
			children = (
				FD550D9128EA2F3400E82168 /* FileManager.swift */,
			);
			path = Extensions;
			sourceTree = "<group>";
		};
		FD5A39D628ED8B05007DACD9 /* OnNavigationBar */ = {
			isa = PBXGroup;
			children = (
				FDEF338928D0F276005599BC /* HomeScreenView.swift */,
				FDEF338B28D0F284005599BC /* SocialScreenView.swift */,
				FD4EC68628D076EC00B99ED2 /* SearchScreenView.swift */,
				FDEF338D28D0F307005599BC /* DiscoverScreenView.swift */,
			);
			path = OnNavigationBar;
			sourceTree = "<group>";
		};
		FDAE3A6C2919557000DE088D /* Recommendations */ = {
			isa = PBXGroup;
			children = (
				FDAE3A6A29194C5600DE088D /* Recommendations.swift */,
				FDAE3A6F291958C600DE088D /* StopWords.swift */,
				FD70E11A291A649600A1904A /* DiscoverScreenStateController.swift */,
			);
			path = Recommendations;
			sourceTree = "<group>";
		};
		FDC08C9229376B5F00061D57 /* Firestore */ = {
			isa = PBXGroup;
			children = (
				FDCACC0329376CE600DABB41 /* Challenge.swift */,
				FDCACC0529376D1C00DABB41 /* User.swift */,
			);
			path = Firestore;
			sourceTree = "<group>";
		};
		FDF5FC7C28DB1AA4008F80B1 /* Book */ = {
			isa = PBXGroup;
			children = (
				FDF5FC7928DB1A82008F80B1 /* BookDetailsModel.swift */,
				FDE1875C28E2F7EE000100F2 /* BookVolumeInfo.swift */,
				FDE1875E28E2F818000100F2 /* BookSaleInfo.swift */,
			);
			path = Book;
			sourceTree = "<group>";
		};
/* End PBXGroup section */

/* Begin PBXNativeTarget section */
		FD4EC65528D0729A00B99ED2 /* ReadingAppSwift */ = {
			isa = PBXNativeTarget;
			buildConfigurationList = FD4EC67A28D0729E00B99ED2 /* Build configuration list for PBXNativeTarget "ReadingAppSwift" */;
			buildPhases = (
				FD4EC65228D0729A00B99ED2 /* Sources */,
				FD4EC65328D0729A00B99ED2 /* Frameworks */,
				FD4EC65428D0729A00B99ED2 /* Resources */,
			);
			buildRules = (
			);
			dependencies = (
			);
			name = ReadingAppSwift;
			packageProductDependencies = (
				FD367DE628F56DC70073E95E /* Kingfisher */,
				FDEB6EBB292412FF00DCB9B1 /* FirebaseAuth */,
				FDEB6EBD292412FF00DCB9B1 /* FirebaseFirestore */,
				FDEB6EBF292412FF00DCB9B1 /* FirebaseFirestoreSwift */,
				FD0311F6292FEED7003D57E3 /* PromiseKit */,
			);
			productName = ReadingAppSwift;
			productReference = FD4EC65628D0729A00B99ED2 /* ReadingAppSwift.app */;
			productType = "com.apple.product-type.application";
		};
		FD4EC66528D0729E00B99ED2 /* ReadingAppSwiftTests */ = {
			isa = PBXNativeTarget;
			buildConfigurationList = FD4EC67D28D0729E00B99ED2 /* Build configuration list for PBXNativeTarget "ReadingAppSwiftTests" */;
			buildPhases = (
				FD4EC66228D0729E00B99ED2 /* Sources */,
				FD4EC66328D0729E00B99ED2 /* Frameworks */,
				FD4EC66428D0729E00B99ED2 /* Resources */,
			);
			buildRules = (
			);
			dependencies = (
				FD4EC66828D0729E00B99ED2 /* PBXTargetDependency */,
			);
			name = ReadingAppSwiftTests;
			productName = ReadingAppSwiftTests;
			productReference = FD4EC66628D0729E00B99ED2 /* ReadingAppSwiftTests.xctest */;
			productType = "com.apple.product-type.bundle.unit-test";
		};
		FD4EC66F28D0729E00B99ED2 /* ReadingAppSwiftUITests */ = {
			isa = PBXNativeTarget;
			buildConfigurationList = FD4EC68028D0729E00B99ED2 /* Build configuration list for PBXNativeTarget "ReadingAppSwiftUITests" */;
			buildPhases = (
				FD4EC66C28D0729E00B99ED2 /* Sources */,
				FD4EC66D28D0729E00B99ED2 /* Frameworks */,
				FD4EC66E28D0729E00B99ED2 /* Resources */,
			);
			buildRules = (
			);
			dependencies = (
				FD4EC67228D0729E00B99ED2 /* PBXTargetDependency */,
			);
			name = ReadingAppSwiftUITests;
			productName = ReadingAppSwiftUITests;
			productReference = FD4EC67028D0729E00B99ED2 /* ReadingAppSwiftUITests.xctest */;
			productType = "com.apple.product-type.bundle.ui-testing";
		};
/* End PBXNativeTarget section */

/* Begin PBXProject section */
		FD4EC64E28D0729A00B99ED2 /* Project object */ = {
			isa = PBXProject;
			attributes = {
				BuildIndependentTargetsInParallel = 1;
				LastSwiftUpdateCheck = 1320;
				LastUpgradeCheck = 1320;
				TargetAttributes = {
					FD4EC65528D0729A00B99ED2 = {
						CreatedOnToolsVersion = 13.2.1;
					};
					FD4EC66528D0729E00B99ED2 = {
						CreatedOnToolsVersion = 13.2.1;
						TestTargetID = FD4EC65528D0729A00B99ED2;
					};
					FD4EC66F28D0729E00B99ED2 = {
						CreatedOnToolsVersion = 13.2.1;
						TestTargetID = FD4EC65528D0729A00B99ED2;
					};
				};
			};
			buildConfigurationList = FD4EC65128D0729A00B99ED2 /* Build configuration list for PBXProject "ReadingAppSwift" */;
			compatibilityVersion = "Xcode 13.0";
			developmentRegion = en;
			hasScannedForEncodings = 0;
			knownRegions = (
				en,
				Base,
			);
			mainGroup = FD4EC64D28D0729A00B99ED2;
			packageReferences = (
				FD367DE528F56DC60073E95E /* XCRemoteSwiftPackageReference "Kingfisher" */,
				FDEB6EBA292412FF00DCB9B1 /* XCRemoteSwiftPackageReference "firebase-ios-sdk" */,
				FD0311F5292FEED7003D57E3 /* XCRemoteSwiftPackageReference "PromiseKit" */,
			);
			productRefGroup = FD4EC65728D0729A00B99ED2 /* Products */;
			projectDirPath = "";
			projectRoot = "";
			targets = (
				FD4EC65528D0729A00B99ED2 /* ReadingAppSwift */,
				FD4EC66528D0729E00B99ED2 /* ReadingAppSwiftTests */,
				FD4EC66F28D0729E00B99ED2 /* ReadingAppSwiftUITests */,
			);
		};
/* End PBXProject section */

/* Begin PBXResourcesBuildPhase section */
		FD4EC65428D0729A00B99ED2 /* Resources */ = {
			isa = PBXResourcesBuildPhase;
			buildActionMask = 2147483647;
			files = (
				FD4EC66128D0729D00B99ED2 /* Preview Assets.xcassets in Resources */,
				FDAC37DD2927BA5C00D7D1D2 /* GoogleService-Info.plist in Resources */,
				FD4EC65E28D0729D00B99ED2 /* Assets.xcassets in Resources */,
			);
			runOnlyForDeploymentPostprocessing = 0;
		};
		FD4EC66428D0729E00B99ED2 /* Resources */ = {
			isa = PBXResourcesBuildPhase;
			buildActionMask = 2147483647;
			files = (
			);
			runOnlyForDeploymentPostprocessing = 0;
		};
		FD4EC66E28D0729E00B99ED2 /* Resources */ = {
			isa = PBXResourcesBuildPhase;
			buildActionMask = 2147483647;
			files = (
			);
			runOnlyForDeploymentPostprocessing = 0;
		};
/* End PBXResourcesBuildPhase section */

/* Begin PBXSourcesBuildPhase section */
		FD4EC65228D0729A00B99ED2 /* Sources */ = {
			isa = PBXSourcesBuildPhase;
			buildActionMask = 2147483647;
			files = (
				FD377C042937B24700DAF9A9 /* ChallengeScreenView.swift in Sources */,
				FD0B040629111BD900F93464 /* DailyProgress.swift in Sources */,
				FDCACC0429376CE600DABB41 /* Challenge.swift in Sources */,
				FDEF339428D0FF2B005599BC /* SearchResults.swift in Sources */,
				FD986E4D28D4DEA500F55DB9 /* BookDetailScreenView.swift in Sources */,
				FD0A5EB2292566BC00194A1E /* FirestoreAdapter.swift in Sources */,
				FD377C022937A8DA00DAF9A9 /* ChallengeCard.swift in Sources */,
				FD986E5128D4EE4800F55DB9 /* BookCoverImage.swift in Sources */,
				FD550D9228EA2F3400E82168 /* FileManager.swift in Sources */,
				FDC893D428F2E46C00340B31 /* CircleProgressBar.swift in Sources */,
				FDEF339628D1028A005599BC /* GoogleBooksAdapter.swift in Sources */,
				FDEF339228D0FC34005599BC /* SearchStateController.swift in Sources */,
				FDEB6EC2292414F400DCB9B1 /* ProfileScreen.swift in Sources */,
				FD4EC68928D07FC000B99ED2 /* NavigationBarScreen.swift in Sources */,
				FD5A39D828ED8FFA007DACD9 /* BookLogBase.swift in Sources */,
				FD95343928D24FA100FF9274 /* BookCard.swift in Sources */,
				FDEF338A28D0F276005599BC /* HomeScreenView.swift in Sources */,
				FDAE3A70291958C600DE088D /* StopWords.swift in Sources */,
				FD4930B528E4D93900330E75 /* BookCardVertical.swift in Sources */,
				FDEF338E28D0F307005599BC /* DiscoverScreenView.swift in Sources */,
				FD5A39D528ED8A8E007DACD9 /* BookLogScreenView.swift in Sources */,
				FD4EC68728D076EC00B99ED2 /* SearchScreenView.swift in Sources */,
				FD83BB172936807700D56193 /* SavedGlobalLog.swift in Sources */,
				FD4EC65A28D0729A00B99ED2 /* ReadingAppSwiftApp.swift in Sources */,
				FDCACC0629376D1C00DABB41 /* User.swift in Sources */,
				FD000C08291024F6003E18CB /* ChipTag.swift in Sources */,
				FD70E11B291A649600A1904A /* DiscoverScreenStateController.swift in Sources */,
				FDE1875F28E2F818000100F2 /* BookSaleInfo.swift in Sources */,
				FDD804DD28EB25E40081B28B /* LibraryBase.swift in Sources */,
				FDAE3A6B29194C5600DE088D /* Recommendations.swift in Sources */,
				FDB690D928DB7625004F17BF /* CacheBase.swift in Sources */,
				FDEF338C28D0F284005599BC /* SocialScreenView.swift in Sources */,
				FDE1875D28E2F7EE000100F2 /* BookVolumeInfo.swift in Sources */,
				FD000C0C291040EC003E18CB /* BarChartView.swift in Sources */,
				FD4930B328E4C61B00330E75 /* AddToLibraryButton.swift in Sources */,
				FDF5FC7A28DB1A82008F80B1 /* BookDetailsModel.swift in Sources */,
				FD803976291EA5DC003B5068 /* BookScroller.swift in Sources */,
				FD5A51FF28F466A2007EC025 /* Constants.swift in Sources */,
			);
			runOnlyForDeploymentPostprocessing = 0;
		};
		FD4EC66228D0729E00B99ED2 /* Sources */ = {
			isa = PBXSourcesBuildPhase;
			buildActionMask = 2147483647;
			files = (
				FD4EC66B28D0729E00B99ED2 /* ReadingAppSwiftTests.swift in Sources */,
			);
			runOnlyForDeploymentPostprocessing = 0;
		};
		FD4EC66C28D0729E00B99ED2 /* Sources */ = {
			isa = PBXSourcesBuildPhase;
			buildActionMask = 2147483647;
			files = (
				FD4EC67528D0729E00B99ED2 /* ReadingAppSwiftUITests.swift in Sources */,
				FD4EC67728D0729E00B99ED2 /* ReadingAppSwiftUITestsLaunchTests.swift in Sources */,
			);
			runOnlyForDeploymentPostprocessing = 0;
		};
/* End PBXSourcesBuildPhase section */

/* Begin PBXTargetDependency section */
		FD4EC66828D0729E00B99ED2 /* PBXTargetDependency */ = {
			isa = PBXTargetDependency;
			target = FD4EC65528D0729A00B99ED2 /* ReadingAppSwift */;
			targetProxy = FD4EC66728D0729E00B99ED2 /* PBXContainerItemProxy */;
		};
		FD4EC67228D0729E00B99ED2 /* PBXTargetDependency */ = {
			isa = PBXTargetDependency;
			target = FD4EC65528D0729A00B99ED2 /* ReadingAppSwift */;
			targetProxy = FD4EC67128D0729E00B99ED2 /* PBXContainerItemProxy */;
		};
/* End PBXTargetDependency section */

/* Begin XCBuildConfiguration section */
		FD4EC67828D0729E00B99ED2 /* Debug */ = {
			isa = XCBuildConfiguration;
			buildSettings = {
				ALWAYS_SEARCH_USER_PATHS = NO;
				CLANG_ANALYZER_NONNULL = YES;
				CLANG_ANALYZER_NUMBER_OBJECT_CONVERSION = YES_AGGRESSIVE;
				CLANG_CXX_LANGUAGE_STANDARD = "gnu++17";
				CLANG_CXX_LIBRARY = "libc++";
				CLANG_ENABLE_MODULES = YES;
				CLANG_ENABLE_OBJC_ARC = YES;
				CLANG_ENABLE_OBJC_WEAK = YES;
				CLANG_WARN_BLOCK_CAPTURE_AUTORELEASING = YES;
				CLANG_WARN_BOOL_CONVERSION = YES;
				CLANG_WARN_COMMA = YES;
				CLANG_WARN_CONSTANT_CONVERSION = YES;
				CLANG_WARN_DEPRECATED_OBJC_IMPLEMENTATIONS = YES;
				CLANG_WARN_DIRECT_OBJC_ISA_USAGE = YES_ERROR;
				CLANG_WARN_DOCUMENTATION_COMMENTS = YES;
				CLANG_WARN_EMPTY_BODY = YES;
				CLANG_WARN_ENUM_CONVERSION = YES;
				CLANG_WARN_INFINITE_RECURSION = YES;
				CLANG_WARN_INT_CONVERSION = YES;
				CLANG_WARN_NON_LITERAL_NULL_CONVERSION = YES;
				CLANG_WARN_OBJC_IMPLICIT_RETAIN_SELF = YES;
				CLANG_WARN_OBJC_LITERAL_CONVERSION = YES;
				CLANG_WARN_OBJC_ROOT_CLASS = YES_ERROR;
				CLANG_WARN_QUOTED_INCLUDE_IN_FRAMEWORK_HEADER = YES;
				CLANG_WARN_RANGE_LOOP_ANALYSIS = YES;
				CLANG_WARN_STRICT_PROTOTYPES = YES;
				CLANG_WARN_SUSPICIOUS_MOVE = YES;
				CLANG_WARN_UNGUARDED_AVAILABILITY = YES_AGGRESSIVE;
				CLANG_WARN_UNREACHABLE_CODE = YES;
				CLANG_WARN__DUPLICATE_METHOD_MATCH = YES;
				COPY_PHASE_STRIP = NO;
				DEBUG_INFORMATION_FORMAT = dwarf;
				ENABLE_STRICT_OBJC_MSGSEND = YES;
				ENABLE_TESTABILITY = YES;
				GCC_C_LANGUAGE_STANDARD = gnu11;
				GCC_DYNAMIC_NO_PIC = NO;
				GCC_NO_COMMON_BLOCKS = YES;
				GCC_OPTIMIZATION_LEVEL = 0;
				GCC_PREPROCESSOR_DEFINITIONS = (
					"DEBUG=1",
					"$(inherited)",
				);
				GCC_WARN_64_TO_32_BIT_CONVERSION = YES;
				GCC_WARN_ABOUT_RETURN_TYPE = YES_ERROR;
				GCC_WARN_UNDECLARED_SELECTOR = YES;
				GCC_WARN_UNINITIALIZED_AUTOS = YES_AGGRESSIVE;
				GCC_WARN_UNUSED_FUNCTION = YES;
				GCC_WARN_UNUSED_VARIABLE = YES;
				IPHONEOS_DEPLOYMENT_TARGET = 15.2;
				MTL_ENABLE_DEBUG_INFO = INCLUDE_SOURCE;
				MTL_FAST_MATH = YES;
				ONLY_ACTIVE_ARCH = YES;
				SDKROOT = iphoneos;
				SWIFT_ACTIVE_COMPILATION_CONDITIONS = DEBUG;
				SWIFT_OPTIMIZATION_LEVEL = "-Onone";
			};
			name = Debug;
		};
		FD4EC67928D0729E00B99ED2 /* Release */ = {
			isa = XCBuildConfiguration;
			buildSettings = {
				ALWAYS_SEARCH_USER_PATHS = NO;
				CLANG_ANALYZER_NONNULL = YES;
				CLANG_ANALYZER_NUMBER_OBJECT_CONVERSION = YES_AGGRESSIVE;
				CLANG_CXX_LANGUAGE_STANDARD = "gnu++17";
				CLANG_CXX_LIBRARY = "libc++";
				CLANG_ENABLE_MODULES = YES;
				CLANG_ENABLE_OBJC_ARC = YES;
				CLANG_ENABLE_OBJC_WEAK = YES;
				CLANG_WARN_BLOCK_CAPTURE_AUTORELEASING = YES;
				CLANG_WARN_BOOL_CONVERSION = YES;
				CLANG_WARN_COMMA = YES;
				CLANG_WARN_CONSTANT_CONVERSION = YES;
				CLANG_WARN_DEPRECATED_OBJC_IMPLEMENTATIONS = YES;
				CLANG_WARN_DIRECT_OBJC_ISA_USAGE = YES_ERROR;
				CLANG_WARN_DOCUMENTATION_COMMENTS = YES;
				CLANG_WARN_EMPTY_BODY = YES;
				CLANG_WARN_ENUM_CONVERSION = YES;
				CLANG_WARN_INFINITE_RECURSION = YES;
				CLANG_WARN_INT_CONVERSION = YES;
				CLANG_WARN_NON_LITERAL_NULL_CONVERSION = YES;
				CLANG_WARN_OBJC_IMPLICIT_RETAIN_SELF = YES;
				CLANG_WARN_OBJC_LITERAL_CONVERSION = YES;
				CLANG_WARN_OBJC_ROOT_CLASS = YES_ERROR;
				CLANG_WARN_QUOTED_INCLUDE_IN_FRAMEWORK_HEADER = YES;
				CLANG_WARN_RANGE_LOOP_ANALYSIS = YES;
				CLANG_WARN_STRICT_PROTOTYPES = YES;
				CLANG_WARN_SUSPICIOUS_MOVE = YES;
				CLANG_WARN_UNGUARDED_AVAILABILITY = YES_AGGRESSIVE;
				CLANG_WARN_UNREACHABLE_CODE = YES;
				CLANG_WARN__DUPLICATE_METHOD_MATCH = YES;
				COPY_PHASE_STRIP = NO;
				DEBUG_INFORMATION_FORMAT = "dwarf-with-dsym";
				ENABLE_NS_ASSERTIONS = NO;
				ENABLE_STRICT_OBJC_MSGSEND = YES;
				GCC_C_LANGUAGE_STANDARD = gnu11;
				GCC_NO_COMMON_BLOCKS = YES;
				GCC_WARN_64_TO_32_BIT_CONVERSION = YES;
				GCC_WARN_ABOUT_RETURN_TYPE = YES_ERROR;
				GCC_WARN_UNDECLARED_SELECTOR = YES;
				GCC_WARN_UNINITIALIZED_AUTOS = YES_AGGRESSIVE;
				GCC_WARN_UNUSED_FUNCTION = YES;
				GCC_WARN_UNUSED_VARIABLE = YES;
				IPHONEOS_DEPLOYMENT_TARGET = 15.2;
				MTL_ENABLE_DEBUG_INFO = NO;
				MTL_FAST_MATH = YES;
				SDKROOT = iphoneos;
				SWIFT_COMPILATION_MODE = wholemodule;
				SWIFT_OPTIMIZATION_LEVEL = "-O";
				VALIDATE_PRODUCT = YES;
			};
			name = Release;
		};
		FD4EC67B28D0729E00B99ED2 /* Debug */ = {
			isa = XCBuildConfiguration;
			buildSettings = {
				ASSETCATALOG_COMPILER_APPICON_NAME = AppIcon;
				ASSETCATALOG_COMPILER_GLOBAL_ACCENT_COLOR_NAME = AccentColor;
				CODE_SIGN_STYLE = Automatic;
				CURRENT_PROJECT_VERSION = 1;
				DEVELOPMENT_ASSET_PATHS = "\"ReadingAppSwift/Preview Content\"";
				ENABLE_PREVIEWS = YES;
				GENERATE_INFOPLIST_FILE = YES;
				INFOPLIST_KEY_UIApplicationSceneManifest_Generation = YES;
				INFOPLIST_KEY_UIApplicationSupportsIndirectInputEvents = YES;
				INFOPLIST_KEY_UILaunchScreen_Generation = YES;
				INFOPLIST_KEY_UISupportedInterfaceOrientations_iPad = "UIInterfaceOrientationPortrait UIInterfaceOrientationPortraitUpsideDown UIInterfaceOrientationLandscapeLeft UIInterfaceOrientationLandscapeRight";
				INFOPLIST_KEY_UISupportedInterfaceOrientations_iPhone = "UIInterfaceOrientationPortrait UIInterfaceOrientationLandscapeLeft UIInterfaceOrientationLandscapeRight";
				LD_RUNPATH_SEARCH_PATHS = (
					"$(inherited)",
					"@executable_path/Frameworks",
				);
				MARKETING_VERSION = 1.0;
				PRODUCT_BUNDLE_IDENTIFIER = com.spicychair.ReadingAppSwift;
				PRODUCT_NAME = "$(TARGET_NAME)";
				SWIFT_EMIT_LOC_STRINGS = YES;
				SWIFT_VERSION = 5.0;
				TARGETED_DEVICE_FAMILY = "1,2";
			};
			name = Debug;
		};
		FD4EC67C28D0729E00B99ED2 /* Release */ = {
			isa = XCBuildConfiguration;
			buildSettings = {
				ASSETCATALOG_COMPILER_APPICON_NAME = AppIcon;
				ASSETCATALOG_COMPILER_GLOBAL_ACCENT_COLOR_NAME = AccentColor;
				CODE_SIGN_STYLE = Automatic;
				CURRENT_PROJECT_VERSION = 1;
				DEVELOPMENT_ASSET_PATHS = "\"ReadingAppSwift/Preview Content\"";
				ENABLE_PREVIEWS = YES;
				GENERATE_INFOPLIST_FILE = YES;
				INFOPLIST_KEY_UIApplicationSceneManifest_Generation = YES;
				INFOPLIST_KEY_UIApplicationSupportsIndirectInputEvents = YES;
				INFOPLIST_KEY_UILaunchScreen_Generation = YES;
				INFOPLIST_KEY_UISupportedInterfaceOrientations_iPad = "UIInterfaceOrientationPortrait UIInterfaceOrientationPortraitUpsideDown UIInterfaceOrientationLandscapeLeft UIInterfaceOrientationLandscapeRight";
				INFOPLIST_KEY_UISupportedInterfaceOrientations_iPhone = "UIInterfaceOrientationPortrait UIInterfaceOrientationLandscapeLeft UIInterfaceOrientationLandscapeRight";
				LD_RUNPATH_SEARCH_PATHS = (
					"$(inherited)",
					"@executable_path/Frameworks",
				);
				MARKETING_VERSION = 1.0;
				PRODUCT_BUNDLE_IDENTIFIER = com.spicychair.ReadingAppSwift;
				PRODUCT_NAME = "$(TARGET_NAME)";
				SWIFT_EMIT_LOC_STRINGS = YES;
				SWIFT_VERSION = 5.0;
				TARGETED_DEVICE_FAMILY = "1,2";
			};
			name = Release;
		};
		FD4EC67E28D0729E00B99ED2 /* Debug */ = {
			isa = XCBuildConfiguration;
			buildSettings = {
				ALWAYS_EMBED_SWIFT_STANDARD_LIBRARIES = YES;
				BUNDLE_LOADER = "$(TEST_HOST)";
				CODE_SIGN_STYLE = Automatic;
				CURRENT_PROJECT_VERSION = 1;
				GENERATE_INFOPLIST_FILE = YES;
				IPHONEOS_DEPLOYMENT_TARGET = 15.2;
				MARKETING_VERSION = 1.0;
				PRODUCT_BUNDLE_IDENTIFIER = com.spicychair.ReadingAppSwiftTests;
				PRODUCT_NAME = "$(TARGET_NAME)";
				SWIFT_EMIT_LOC_STRINGS = NO;
				SWIFT_VERSION = 5.0;
				TARGETED_DEVICE_FAMILY = "1,2";
				TEST_HOST = "$(BUILT_PRODUCTS_DIR)/ReadingAppSwift.app/ReadingAppSwift";
			};
			name = Debug;
		};
		FD4EC67F28D0729E00B99ED2 /* Release */ = {
			isa = XCBuildConfiguration;
			buildSettings = {
				ALWAYS_EMBED_SWIFT_STANDARD_LIBRARIES = YES;
				BUNDLE_LOADER = "$(TEST_HOST)";
				CODE_SIGN_STYLE = Automatic;
				CURRENT_PROJECT_VERSION = 1;
				GENERATE_INFOPLIST_FILE = YES;
				IPHONEOS_DEPLOYMENT_TARGET = 15.2;
				MARKETING_VERSION = 1.0;
				PRODUCT_BUNDLE_IDENTIFIER = com.spicychair.ReadingAppSwiftTests;
				PRODUCT_NAME = "$(TARGET_NAME)";
				SWIFT_EMIT_LOC_STRINGS = NO;
				SWIFT_VERSION = 5.0;
				TARGETED_DEVICE_FAMILY = "1,2";
				TEST_HOST = "$(BUILT_PRODUCTS_DIR)/ReadingAppSwift.app/ReadingAppSwift";
			};
			name = Release;
		};
		FD4EC68128D0729E00B99ED2 /* Debug */ = {
			isa = XCBuildConfiguration;
			buildSettings = {
				ALWAYS_EMBED_SWIFT_STANDARD_LIBRARIES = YES;
				CODE_SIGN_STYLE = Automatic;
				CURRENT_PROJECT_VERSION = 1;
				GENERATE_INFOPLIST_FILE = YES;
				MARKETING_VERSION = 1.0;
				PRODUCT_BUNDLE_IDENTIFIER = com.spicychair.ReadingAppSwiftUITests;
				PRODUCT_NAME = "$(TARGET_NAME)";
				SWIFT_EMIT_LOC_STRINGS = NO;
				SWIFT_VERSION = 5.0;
				TARGETED_DEVICE_FAMILY = "1,2";
				TEST_TARGET_NAME = ReadingAppSwift;
			};
			name = Debug;
		};
		FD4EC68228D0729E00B99ED2 /* Release */ = {
			isa = XCBuildConfiguration;
			buildSettings = {
				ALWAYS_EMBED_SWIFT_STANDARD_LIBRARIES = YES;
				CODE_SIGN_STYLE = Automatic;
				CURRENT_PROJECT_VERSION = 1;
				GENERATE_INFOPLIST_FILE = YES;
				MARKETING_VERSION = 1.0;
				PRODUCT_BUNDLE_IDENTIFIER = com.spicychair.ReadingAppSwiftUITests;
				PRODUCT_NAME = "$(TARGET_NAME)";
				SWIFT_EMIT_LOC_STRINGS = NO;
				SWIFT_VERSION = 5.0;
				TARGETED_DEVICE_FAMILY = "1,2";
				TEST_TARGET_NAME = ReadingAppSwift;
			};
			name = Release;
		};
/* End XCBuildConfiguration section */

/* Begin XCConfigurationList section */
		FD4EC65128D0729A00B99ED2 /* Build configuration list for PBXProject "ReadingAppSwift" */ = {
			isa = XCConfigurationList;
			buildConfigurations = (
				FD4EC67828D0729E00B99ED2 /* Debug */,
				FD4EC67928D0729E00B99ED2 /* Release */,
			);
			defaultConfigurationIsVisible = 0;
			defaultConfigurationName = Release;
		};
		FD4EC67A28D0729E00B99ED2 /* Build configuration list for PBXNativeTarget "ReadingAppSwift" */ = {
			isa = XCConfigurationList;
			buildConfigurations = (
				FD4EC67B28D0729E00B99ED2 /* Debug */,
				FD4EC67C28D0729E00B99ED2 /* Release */,
			);
			defaultConfigurationIsVisible = 0;
			defaultConfigurationName = Release;
		};
		FD4EC67D28D0729E00B99ED2 /* Build configuration list for PBXNativeTarget "ReadingAppSwiftTests" */ = {
			isa = XCConfigurationList;
			buildConfigurations = (
				FD4EC67E28D0729E00B99ED2 /* Debug */,
				FD4EC67F28D0729E00B99ED2 /* Release */,
			);
			defaultConfigurationIsVisible = 0;
			defaultConfigurationName = Release;
		};
		FD4EC68028D0729E00B99ED2 /* Build configuration list for PBXNativeTarget "ReadingAppSwiftUITests" */ = {
			isa = XCConfigurationList;
			buildConfigurations = (
				FD4EC68128D0729E00B99ED2 /* Debug */,
				FD4EC68228D0729E00B99ED2 /* Release */,
			);
			defaultConfigurationIsVisible = 0;
			defaultConfigurationName = Release;
		};
/* End XCConfigurationList section */

/* Begin XCRemoteSwiftPackageReference section */
		FD0311F5292FEED7003D57E3 /* XCRemoteSwiftPackageReference "PromiseKit" */ = {
			isa = XCRemoteSwiftPackageReference;
			repositoryURL = "https://github.com/mxcl/PromiseKit.git";
			requirement = {
				kind = upToNextMajorVersion;
				minimumVersion = 6.0.0;
			};
		};
		FD367DE528F56DC60073E95E /* XCRemoteSwiftPackageReference "Kingfisher" */ = {
			isa = XCRemoteSwiftPackageReference;
			repositoryURL = "https://github.com/onevcat/Kingfisher.git";
			requirement = {
				kind = upToNextMajorVersion;
				minimumVersion = 7.0.0;
			};
		};
		FDEB6EBA292412FF00DCB9B1 /* XCRemoteSwiftPackageReference "firebase-ios-sdk" */ = {
			isa = XCRemoteSwiftPackageReference;
			repositoryURL = "https://github.com/firebase/firebase-ios-sdk";
			requirement = {
				kind = upToNextMajorVersion;
				minimumVersion = 9.0.0;
			};
		};
/* End XCRemoteSwiftPackageReference section */

/* Begin XCSwiftPackageProductDependency section */
		FD0311F6292FEED7003D57E3 /* PromiseKit */ = {
			isa = XCSwiftPackageProductDependency;
			package = FD0311F5292FEED7003D57E3 /* XCRemoteSwiftPackageReference "PromiseKit" */;
			productName = PromiseKit;
		};
		FD367DE628F56DC70073E95E /* Kingfisher */ = {
			isa = XCSwiftPackageProductDependency;
			package = FD367DE528F56DC60073E95E /* XCRemoteSwiftPackageReference "Kingfisher" */;
			productName = Kingfisher;
		};
		FDEB6EBB292412FF00DCB9B1 /* FirebaseAuth */ = {
			isa = XCSwiftPackageProductDependency;
			package = FDEB6EBA292412FF00DCB9B1 /* XCRemoteSwiftPackageReference "firebase-ios-sdk" */;
			productName = FirebaseAuth;
		};
		FDEB6EBD292412FF00DCB9B1 /* FirebaseFirestore */ = {
			isa = XCSwiftPackageProductDependency;
			package = FDEB6EBA292412FF00DCB9B1 /* XCRemoteSwiftPackageReference "firebase-ios-sdk" */;
			productName = FirebaseFirestore;
		};
		FDEB6EBF292412FF00DCB9B1 /* FirebaseFirestoreSwift */ = {
			isa = XCSwiftPackageProductDependency;
			package = FDEB6EBA292412FF00DCB9B1 /* XCRemoteSwiftPackageReference "firebase-ios-sdk" */;
			productName = FirebaseFirestoreSwift;
		};
/* End XCSwiftPackageProductDependency section */
	};
	rootObject = FD4EC64E28D0729A00B99ED2 /* Project object */;
}
